
Microsoft Visual Studio Solution File, Format Version 12.00
# Visual Studio Version 17
VisualStudioVersion = 17.4.33213.308
MinimumVisualStudioVersion = 10.0.40219.1
Project("{FAE04EC0-301F-11D3-BF4B-00C04F79EFBC}") = "Store.API", "Store.API\Store.API.csproj", "{364E0E6A-D97D-46BE-B466-7430ABF1ED2E}"
EndProject
Project("{FAE04EC0-301F-11D3-BF4B-00C04F79EFBC}") = "Store.Models", "Store.Models\Store.Models.csproj", "{D7C7D720-4F48-4B81-A1F7-A9FCB81E68B8}"
EndProject
Project("{FAE04EC0-301F-11D3-BF4B-00C04F79EFBC}") = "Store.Repositories", "Store.Repositories\Store.Repositories.csproj", "{720BAC30-69A4-40E5-A0BC-DA7D90B7821A}"
EndProject
Global
	GlobalSection(SolutionConfigurationPlatforms) = preSolution
		Debug|Any CPU = Debug|Any CPU
		Release|Any CPU = Release|Any CPU
	EndGlobalSection
	GlobalSection(ProjectConfigurationPlatforms) = postSolution
		{364E0E6A-D97D-46BE-B466-7430ABF1ED2E}.Debug|Any CPU.ActiveCfg = Debug|Any CPU
		{364E0E6A-D97D-46BE-B466-7430ABF1ED2E}.Debug|Any CPU.Build.0 = Debug|Any CPU
		{364E0E6A-D97D-46BE-B466-7430ABF1ED2E}.Release|Any CPU.ActiveCfg = Release|Any CPU
		{364E0E6A-D97D-46BE-B466-7430ABF1ED2E}.Release|Any CPU.Build.0 = Release|Any CPU
		{D7C7D720-4F48-4B81-A1F7-A9FCB81E68B8}.Debug|Any CPU.ActiveCfg = Debug|Any CPU
		{D7C7D720-4F48-4B81-A1F7-A9FCB81E68B8}.Debug|Any CPU.Build.0 = Debug|Any CPU
		{D7C7D720-4F48-4B81-A1F7-A9FCB81E68B8}.Release|Any CPU.ActiveCfg = Release|Any CPU
		{D7C7D720-4F48-4B81-A1F7-A9FCB81E68B8}.Release|Any CPU.Build.0 = Release|Any CPU
		{720BAC30-69A4-40E5-A0BC-DA7D90B7821A}.Debug|Any CPU.ActiveCfg = Debug|Any CPU
		{720BAC30-69A4-40E5-A0BC-DA7D90B7821A}.Debug|Any CPU.Build.0 = Debug|Any CPU
		{720BAC30-69A4-40E5-A0BC-DA7D90B7821A}.Release|Any CPU.ActiveCfg = Release|Any CPU
		{720BAC30-69A4-40E5-A0BC-DA7D90B7821A}.Release|Any CPU.Build.0 = Release|Any CPU
	EndGlobalSection
	GlobalSection(SolutionProperties) = preSolution
		HideSolutionNode = FALSE
	EndGlobalSection
	GlobalSection(ExtensibilityGlobals) = postSolution
		SolutionGuid = {EDA32830-124B-4BE0-B9C8-0EE915AC8EA0}
	EndGlobalSection
EndGlobal
